
Microsoft Visual Studio Solution File, Format Version 12.00
# Visual Studio Version 16
VisualStudioVersion = 16.0.32228.343
MinimumVisualStudioVersion = 10.0.40219.1
Project("{FAE04EC0-301F-11D3-BF4B-00C04F79EFBC}") = "GorillaTagGhostEntity", "GorillaTagGhostEntity.csproj", "{57B9C61A-F36B-4559-BEE3-6AE301FB9316}"
EndProject
Global
	GlobalSection(SolutionConfigurationPlatforms) = preSolution
		Debug|Any CPU = Debug|Any CPU
		Release|Any CPU = Release|Any CPU
	EndGlobalSection
	GlobalSection(ProjectConfigurationPlatforms) = postSolution
		{57B9C61A-F36B-4559-BEE3-6AE301FB9316}.Debug|Any CPU.ActiveCfg = Debug|Any CPU
		{57B9C61A-F36B-4559-BEE3-6AE301FB9316}.Debug|Any CPU.Build.0 = Debug|Any CPU
		{57B9C61A-F36B-4559-BEE3-6AE301FB9316}.Release|Any CPU.ActiveCfg = Release|Any CPU
		{57B9C61A-F36B-4559-BEE3-6AE301FB9316}.Release|Any CPU.Build.0 = Release|Any CPU
	EndGlobalSection
	GlobalSection(SolutionProperties) = preSolution
		HideSolutionNode = FALSE
	EndGlobalSection
	GlobalSection(ExtensibilityGlobals) = postSolution
		SolutionGuid = {249EEA42-E1A0-4DE0-859E-A6DB7D877300}
	EndGlobalSection
EndGlobal
